
Microsoft Visual Studio Solution File, Format Version 10.00
# Visual Studio 2008
Project("{FAE04EC0-301F-11D3-BF4B-00C04F79EFBC}") = "PanasonicCameraEpi", "PanasonicCameraEpi\PanasonicCameraEpi.csproj", "{C551247C-4090-481C-829B-3A5969FCFF93}"
EndProject
Global
	GlobalSection(SolutionConfigurationPlatforms) = preSolution
		Debug|Any CPU = Debug|Any CPU
		Release|Any CPU = Release|Any CPU
	EndGlobalSection
	GlobalSection(ProjectConfigurationPlatforms) = postSolution
		{C551247C-4090-481C-829B-3A5969FCFF93}.Debug|Any CPU.ActiveCfg = Debug|Any CPU
		{C551247C-4090-481C-829B-3A5969FCFF93}.Debug|Any CPU.Build.0 = Debug|Any CPU
		{C551247C-4090-481C-829B-3A5969FCFF93}.Release|Any CPU.ActiveCfg = Release|Any CPU
		{C551247C-4090-481C-829B-3A5969FCFF93}.Release|Any CPU.Build.0 = Release|Any CPU
	EndGlobalSection
	GlobalSection(SolutionProperties) = preSolution
		HideSolutionNode = FALSE
	EndGlobalSection
EndGlobal
